
Microsoft Visual Studio Solution File, Format Version 12.00
# Visual Studio 15
VisualStudioVersion = 15.0.27703.2018
MinimumVisualStudioVersion = 10.0.40219.1
Project("{FAE04EC0-301F-11D3-BF4B-00C04F79EFBC}") = "Mydb", "Mydb\Mydb.csproj", "{AD094413-6C84-4156-AEBA-53618E7EDC60}"
EndProject
Global
	GlobalSection(SolutionConfigurationPlatforms) = preSolution
		Debug|Any CPU = Debug|Any CPU
		Release|Any CPU = Release|Any CPU
	EndGlobalSection
	GlobalSection(ProjectConfigurationPlatforms) = postSolution
		{AD094413-6C84-4156-AEBA-53618E7EDC60}.Debug|Any CPU.ActiveCfg = Debug|Any CPU
		{AD094413-6C84-4156-AEBA-53618E7EDC60}.Debug|Any CPU.Build.0 = Debug|Any CPU
		{AD094413-6C84-4156-AEBA-53618E7EDC60}.Release|Any CPU.ActiveCfg = Release|Any CPU
		{AD094413-6C84-4156-AEBA-53618E7EDC60}.Release|Any CPU.Build.0 = Release|Any CPU
	EndGlobalSection
	GlobalSection(SolutionProperties) = preSolution
		HideSolutionNode = FALSE
	EndGlobalSection
	GlobalSection(ExtensibilityGlobals) = postSolution
		SolutionGuid = {98A57129-B39A-4D92-8364-DFA68D2B0A47}
	EndGlobalSection
EndGlobal
